
Microsoft Visual Studio Solution File, Format Version 12.00
# Visual Studio Version 17
VisualStudioVersion = 17.14.36414.22 d17.14
MinimumVisualStudioVersion = 10.0.40219.1
Project("{FAE04EC0-301F-11D3-BF4B-00C04F79EFBC}") = "Launcher", "Launcher\Launcher.csproj", "{ACCD11BE-575A-4481-80A1-3F333F7232B3}"
EndProject
Global
	GlobalSection(SolutionConfigurationPlatforms) = preSolution
		Debug|Any CPU = Debug|Any CPU
		Release|Any CPU = Release|Any CPU
	EndGlobalSection
	GlobalSection(ProjectConfigurationPlatforms) = postSolution
		{ACCD11BE-575A-4481-80A1-3F333F7232B3}.Debug|Any CPU.ActiveCfg = Debug|Any CPU
		{ACCD11BE-575A-4481-80A1-3F333F7232B3}.Debug|Any CPU.Build.0 = Debug|Any CPU
		{ACCD11BE-575A-4481-80A1-3F333F7232B3}.Release|Any CPU.ActiveCfg = Release|Any CPU
		{ACCD11BE-575A-4481-80A1-3F333F7232B3}.Release|Any CPU.Build.0 = Release|Any CPU
	EndGlobalSection
	GlobalSection(SolutionProperties) = preSolution
		HideSolutionNode = FALSE
	EndGlobalSection
	GlobalSection(ExtensibilityGlobals) = postSolution
		SolutionGuid = {7627C8D9-343A-4702-BB4A-C20BACF0AB3C}
	EndGlobalSection
EndGlobal
