
Microsoft Visual Studio Solution File, Format Version 12.00
# Visual Studio Version 17
VisualStudioVersion = 17.14.36414.22
MinimumVisualStudioVersion = 10.0.40219.1
Project("{FAE04EC0-301F-11D3-BF4B-00C04F79EFBC}") = "Launcher.Core", "..\WWLauncher\Launcher.Core\Launcher.Core.csproj", "{4EF8E57C-D91F-58FA-73DC-1EE3A0B8813E}"
EndProject
Project("{FAE04EC0-301F-11D3-BF4B-00C04F79EFBC}") = "Launcher.WinUI", "..\WWLauncher\Launcher.WinUI\Launcher.WinUI.csproj", "{9077C93B-BA81-673B-CEB3-7230E26440C9}"
EndProject
Project("{FAE04EC0-301F-11D3-BF4B-00C04F79EFBC}") = "Launcher.WPF", "..\WWLauncher\Launcher.WPF\Launcher.WPF.csproj", "{E31CC74C-745C-F80C-F346-205A7578D85E}"
EndProject
Global
	GlobalSection(SolutionConfigurationPlatforms) = preSolution
		Debug|Any CPU = Debug|Any CPU
		Release|Any CPU = Release|Any CPU
	EndGlobalSection
	GlobalSection(ProjectConfigurationPlatforms) = postSolution
		{4EF8E57C-D91F-58FA-73DC-1EE3A0B8813E}.Debug|Any CPU.ActiveCfg = Debug|Any CPU
		{4EF8E57C-D91F-58FA-73DC-1EE3A0B8813E}.Debug|Any CPU.Build.0 = Debug|Any CPU
		{4EF8E57C-D91F-58FA-73DC-1EE3A0B8813E}.Release|Any CPU.ActiveCfg = Release|Any CPU
		{4EF8E57C-D91F-58FA-73DC-1EE3A0B8813E}.Release|Any CPU.Build.0 = Release|Any CPU
		{9077C93B-BA81-673B-CEB3-7230E26440C9}.Debug|Any CPU.ActiveCfg = Debug|x64
		{9077C93B-BA81-673B-CEB3-7230E26440C9}.Debug|Any CPU.Build.0 = Debug|x64
		{9077C93B-BA81-673B-CEB3-7230E26440C9}.Debug|Any CPU.Deploy.0 = Debug|x64
		{9077C93B-BA81-673B-CEB3-7230E26440C9}.Release|Any CPU.ActiveCfg = Release|x64
		{9077C93B-BA81-673B-CEB3-7230E26440C9}.Release|Any CPU.Build.0 = Release|x64
		{9077C93B-BA81-673B-CEB3-7230E26440C9}.Release|Any CPU.Deploy.0 = Release|x64
		{E31CC74C-745C-F80C-F346-205A7578D85E}.Debug|Any CPU.ActiveCfg = Debug|Any CPU
		{E31CC74C-745C-F80C-F346-205A7578D85E}.Debug|Any CPU.Build.0 = Debug|Any CPU
		{E31CC74C-745C-F80C-F346-205A7578D85E}.Release|Any CPU.ActiveCfg = Release|Any CPU
		{E31CC74C-745C-F80C-F346-205A7578D85E}.Release|Any CPU.Build.0 = Release|Any CPU
	EndGlobalSection
	GlobalSection(SolutionProperties) = preSolution
		HideSolutionNode = FALSE
	EndGlobalSection
	GlobalSection(ExtensibilityGlobals) = postSolution
		SolutionGuid = {7627C8D9-343A-4702-BB4A-C20BACF0AB3C}
	EndGlobalSection
EndGlobal
